# This file is automatically @generated by Poetry 1.8.3 and should not be changed by hand.

[[package]]
name = "playsound"
version = "1.2.2"
description = "Pure Python, cross platform, single function module with no dependencies for playing sounds."
optional = false
python-versions = "*"
files = [
    {file = "playsound-1.2.2-py2.py3-none-any.whl", hash = "sha256:1e83750a5325cbccee03d6e751ba3e78c037ac95b95a3ba1f38d0c5aca9e1a34"},
]

[metadata]
lock-version = "2.0"
python-versions = "^3.9"
content-hash = "57ec971e296a4d82e0101f1475c7bff068ce9fd842b0d29aac8f2a36d216b7a8"
